
Microsoft Visual Studio Solution File, Format Version 12.00
# Visual Studio Version 17
VisualStudioVersion = 17.8.34330.188
MinimumVisualStudioVersion = 10.0.40219.1
Project("{9A19103F-16F7-4668-BE54-9A1E7A4F7556}") = "Lab7_Babych_program", "Lab7_Babych_program\Lab7_Babych_program.csproj", "{19083B61-550A-492E-8120-649D2595C199}"
EndProject
Project("{FAE04EC0-301F-11D3-BF4B-00C04F79EFBC}") = "Lab7_Babych_programTest", "Lab7_Babych_programTest\Lab7_Babych_programTest.csproj", "{892258B6-6310-46C3-B66D-587DDEFEF723}"
EndProject
Global
	GlobalSection(SolutionConfigurationPlatforms) = preSolution
		Debug|Any CPU = Debug|Any CPU
		Release|Any CPU = Release|Any CPU
	EndGlobalSection
	GlobalSection(ProjectConfigurationPlatforms) = postSolution
		{19083B61-550A-492E-8120-649D2595C199}.Debug|Any CPU.ActiveCfg = Debug|Any CPU
		{19083B61-550A-492E-8120-649D2595C199}.Debug|Any CPU.Build.0 = Debug|Any CPU
		{19083B61-550A-492E-8120-649D2595C199}.Release|Any CPU.ActiveCfg = Release|Any CPU
		{19083B61-550A-492E-8120-649D2595C199}.Release|Any CPU.Build.0 = Release|Any CPU
		{892258B6-6310-46C3-B66D-587DDEFEF723}.Debug|Any CPU.ActiveCfg = Debug|Any CPU
		{892258B6-6310-46C3-B66D-587DDEFEF723}.Debug|Any CPU.Build.0 = Debug|Any CPU
		{892258B6-6310-46C3-B66D-587DDEFEF723}.Release|Any CPU.ActiveCfg = Release|Any CPU
		{892258B6-6310-46C3-B66D-587DDEFEF723}.Release|Any CPU.Build.0 = Release|Any CPU
	EndGlobalSection
	GlobalSection(SolutionProperties) = preSolution
		HideSolutionNode = FALSE
	EndGlobalSection
	GlobalSection(ExtensibilityGlobals) = postSolution
		SolutionGuid = {2B5F4629-25BC-4F78-9C00-9AA1FADEF90F}
	EndGlobalSection
EndGlobal
